
Microsoft Visual Studio Solution File, Format Version 12.00
# Visual Studio Version 17
VisualStudioVersion = 17.0.31903.59
MinimumVisualStudioVersion = 10.0.40219.1
Project("{FAE04EC0-301F-11D3-BF4B-00C04F79EFBC}") = "MarketInsight.Api", "src\MarketInsight.Api\MarketInsight.Api.csproj", "{CBAA5FB4-9398-4D69-BAE5-CE6763B770B3}"
EndProject
Global
	GlobalSection(SolutionConfigurationPlatforms) = preSolution
		Debug|Any CPU = Debug|Any CPU
		Release|Any CPU = Release|Any CPU
	EndGlobalSection
	GlobalSection(ProjectConfigurationPlatforms) = postSolution
		{CBAA5FB4-9398-4D69-BAE5-CE6763B770B3}.Debug|Any CPU.ActiveCfg = Debug|Any CPU
		{CBAA5FB4-9398-4D69-BAE5-CE6763B770B3}.Debug|Any CPU.Build.0 = Debug|Any CPU
		{CBAA5FB4-9398-4D69-BAE5-CE6763B770B3}.Release|Any CPU.ActiveCfg = Release|Any CPU
		{CBAA5FB4-9398-4D69-BAE5-CE6763B770B3}.Release|Any CPU.Build.0 = Release|Any CPU
	EndGlobalSection
	GlobalSection(SolutionProperties) = preSolution
		HideSolutionNode = FALSE
	EndGlobalSection
	GlobalSection(ExtensibilityGlobals) = postSolution
		SolutionGuid = {DF6F1679-051E-451E-B2F8-DFBC866B32D0}
	EndGlobalSection
EndGlobal
